
Microsoft Visual Studio Solution File, Format Version 12.00
# Visual Studio 15
VisualStudioVersion = 15.0.27703.2035
MinimumVisualStudioVersion = 10.0.40219.1
Project("{FAE04EC0-301F-11D3-BF4B-00C04F79EFBC}") = "Array", "Array\Array.csproj", "{B95CEC72-EF6E-43BB-82D3-11A769ED74F1}"
EndProject
Global
	GlobalSection(SolutionConfigurationPlatforms) = preSolution
		Debug|Any CPU = Debug|Any CPU
		Release|Any CPU = Release|Any CPU
	EndGlobalSection
	GlobalSection(ProjectConfigurationPlatforms) = postSolution
		{B95CEC72-EF6E-43BB-82D3-11A769ED74F1}.Debug|Any CPU.ActiveCfg = Debug|Any CPU
		{B95CEC72-EF6E-43BB-82D3-11A769ED74F1}.Debug|Any CPU.Build.0 = Debug|Any CPU
		{B95CEC72-EF6E-43BB-82D3-11A769ED74F1}.Release|Any CPU.ActiveCfg = Release|Any CPU
		{B95CEC72-EF6E-43BB-82D3-11A769ED74F1}.Release|Any CPU.Build.0 = Release|Any CPU
	EndGlobalSection
	GlobalSection(SolutionProperties) = preSolution
		HideSolutionNode = FALSE
	EndGlobalSection
	GlobalSection(ExtensibilityGlobals) = postSolution
		SolutionGuid = {561739C0-036F-4C32-ACF1-D913A6D8C855}
	EndGlobalSection
EndGlobal
